
Microsoft Visual Studio Solution File, Format Version 12.00
# Visual Studio Version 17
VisualStudioVersion = 17.11.35312.102
MinimumVisualStudioVersion = 10.0.40219.1
Project("{8BC9CEB8-8B4A-11D0-8D11-00A0C91BC942}") = "统计某类完全平方数", "统计某类完全平方数.vcxproj", "{63B984F7-30B2-4D0A-9169-E738E036B638}"
EndProject
Global
	GlobalSection(SolutionConfigurationPlatforms) = preSolution
		Debug|x64 = Debug|x64
		Debug|x86 = Debug|x86
		Release|x64 = Release|x64
		Release|x86 = Release|x86
	EndGlobalSection
	GlobalSection(ProjectConfigurationPlatforms) = postSolution
		{63B984F7-30B2-4D0A-9169-E738E036B638}.Debug|x64.ActiveCfg = Debug|x64
		{63B984F7-30B2-4D0A-9169-E738E036B638}.Debug|x64.Build.0 = Debug|x64
		{63B984F7-30B2-4D0A-9169-E738E036B638}.Debug|x86.ActiveCfg = Debug|Win32
		{63B984F7-30B2-4D0A-9169-E738E036B638}.Debug|x86.Build.0 = Debug|Win32
		{63B984F7-30B2-4D0A-9169-E738E036B638}.Release|x64.ActiveCfg = Release|x64
		{63B984F7-30B2-4D0A-9169-E738E036B638}.Release|x64.Build.0 = Release|x64
		{63B984F7-30B2-4D0A-9169-E738E036B638}.Release|x86.ActiveCfg = Release|Win32
		{63B984F7-30B2-4D0A-9169-E738E036B638}.Release|x86.Build.0 = Release|Win32
	EndGlobalSection
	GlobalSection(SolutionProperties) = preSolution
		HideSolutionNode = FALSE
	EndGlobalSection
	GlobalSection(ExtensibilityGlobals) = postSolution
		SolutionGuid = {49D10081-E7AB-4387-9FF1-9A56F075A045}
	EndGlobalSection
EndGlobal
